
Microsoft Visual Studio Solution File, Format Version 12.00
# Visual Studio 15
VisualStudioVersion = 15.0.28307.757
MinimumVisualStudioVersion = 10.0.40219.1
Project("{FAE04EC0-301F-11D3-BF4B-00C04F79EFBC}") = "Listas", "Listas\Listas.csproj", "{B7BA7214-1816-443F-AC58-C02E24050CAC}"
EndProject
Global
	GlobalSection(SolutionConfigurationPlatforms) = preSolution
		Debug|Any CPU = Debug|Any CPU
		Release|Any CPU = Release|Any CPU
	EndGlobalSection
	GlobalSection(ProjectConfigurationPlatforms) = postSolution
		{B7BA7214-1816-443F-AC58-C02E24050CAC}.Debug|Any CPU.ActiveCfg = Debug|Any CPU
		{B7BA7214-1816-443F-AC58-C02E24050CAC}.Debug|Any CPU.Build.0 = Debug|Any CPU
		{B7BA7214-1816-443F-AC58-C02E24050CAC}.Release|Any CPU.ActiveCfg = Release|Any CPU
		{B7BA7214-1816-443F-AC58-C02E24050CAC}.Release|Any CPU.Build.0 = Release|Any CPU
	EndGlobalSection
	GlobalSection(SolutionProperties) = preSolution
		HideSolutionNode = FALSE
	EndGlobalSection
	GlobalSection(ExtensibilityGlobals) = postSolution
		SolutionGuid = {67BF15A0-B41C-439D-A540-62DCBAD0AED7}
	EndGlobalSection
EndGlobal
